
Microsoft Visual Studio Solution File, Format Version 12.00
# Visual Studio Version 17
VisualStudioVersion = 17.1.32328.378
MinimumVisualStudioVersion = 10.0.40219.1
Project("{9A19103F-16F7-4668-BE54-9A1E7A4F7556}") = "ControlWork", "ControlWork\ControlWork.csproj", "{5FA22104-BEBB-4DFB-9984-AECF1A1339DD}"
EndProject
Project("{2150E333-8FDC-42A3-9474-1A3956D46DE8}") = "Блок Схема", "Блок Схема", "{84E768BA-1CF2-49A7-9C67-9ECDFDDB5D9D}"
	ProjectSection(SolutionItems) = preProject
		..\..\..\Desktop\ControlWork1.drawio.pdf = ..\..\..\Desktop\ControlWork1.drawio.pdf
		..\..\..\Desktop\ControlWork2.drawio.pdf = ..\..\..\Desktop\ControlWork2.drawio.pdf
		..\..\..\Desktop\ControlWork3.drawio.pdf = ..\..\..\Desktop\ControlWork3.drawio.pdf
	EndProjectSection
EndProject
Global
	GlobalSection(SolutionConfigurationPlatforms) = preSolution
		Debug|Any CPU = Debug|Any CPU
		Release|Any CPU = Release|Any CPU
	EndGlobalSection
	GlobalSection(ProjectConfigurationPlatforms) = postSolution
		{5FA22104-BEBB-4DFB-9984-AECF1A1339DD}.Debug|Any CPU.ActiveCfg = Debug|Any CPU
		{5FA22104-BEBB-4DFB-9984-AECF1A1339DD}.Debug|Any CPU.Build.0 = Debug|Any CPU
		{5FA22104-BEBB-4DFB-9984-AECF1A1339DD}.Release|Any CPU.ActiveCfg = Release|Any CPU
		{5FA22104-BEBB-4DFB-9984-AECF1A1339DD}.Release|Any CPU.Build.0 = Release|Any CPU
	EndGlobalSection
	GlobalSection(SolutionProperties) = preSolution
		HideSolutionNode = FALSE
	EndGlobalSection
	GlobalSection(ExtensibilityGlobals) = postSolution
		SolutionGuid = {1CF2D3D1-1CD4-41E9-A06E-545F8974C5CA}
	EndGlobalSection
EndGlobal
